<?xml version="1.0" encoding="utf-8"?>
<Project ToolsVersion="4.0" xmlns="http://schemas.microsoft.com/developer/msbuild/2003">
  <ItemGroup>
    <ClCompile Include="Main.cpp">
      <Filter>File</Filter>
    </ClCompile>
    <ClCompile Include="stdafx.cpp">
      <Filter>File</Filter>
    </ClCompile>
    <ClCompile Include="Background.cpp">
      <Filter>File\Stage</Filter>
    </ClCompile>
    <ClCompile Include="myCamera.cpp">
      <Filter>File\myCamera</Filter>
    </ClCompile>
    <ClCompile Include="myInput.cpp">
      <Filter>File\myController</Filter>
    </ClCompile>
    <ClCompile Include="myScene.cpp">
      <Filter>File\myScene</Filter>
    </ClCompile>
    <ClCompile Include="StageObject.cpp">
      <Filter>File\Stage</Filter>
    </ClCompile>
    <ClCompile Include="Fish.cpp">
      <Filter>File\Fish\Base</Filter>
    </ClCompile>
    <ClCompile Include="Shot.cpp">
      <Filter>File\Fish\Base</Filter>
    </ClCompile>
    <ClCompile Include="Player.cpp">
      <Filter>File\Fish\Player</Filter>
    </ClCompile>
    <ClCompile Include="Enemy.cpp">
      <Filter>File\Fish\Enemy\Base</Filter>
    </ClCompile>
    <ClCompile Include="EnemyShot.cpp">
      <Filter>File\Fish\Enemy\Base</Filter>
    </ClCompile>
    <ClCompile Include="EnemyPikaia.cpp">
      <Filter>File\Fish\Enemy\Pikaia</Filter>
    </ClCompile>
    <ClCompile Include="EnemyShotPikaia.cpp">
      <Filter>File\Fish\Enemy\Pikaia</Filter>
    </ClCompile>
    <ClCompile Include="EnemyKurage.cpp">
      <Filter>File\Fish\Enemy\Kurage</Filter>
    </ClCompile>
    <ClCompile Include="EnemyHallucigenia.cpp">
      <Filter>File\Fish\Enemy\Hallucigenia</Filter>
    </ClCompile>
    <ClCompile Include="Option.cpp">
      <Filter>File\Fish\Option\Base</Filter>
    </ClCompile>
    <ClCompile Include="OptionPoseidon.cpp">
      <Filter>File\Fish\Option\Poseidon</Filter>
    </ClCompile>
    <ClCompile Include="OptionPoseidonShot.cpp">
      <Filter>File\Fish\Option\Poseidon</Filter>
    </ClCompile>
    <ClCompile Include="OptionPoseidonShot2.cpp">
      <Filter>File\Fish\Option\Poseidon</Filter>
    </ClCompile>
    <ClCompile Include="OptionShot.cpp">
      <Filter>File\Fish\Option\Base</Filter>
    </ClCompile>
    <ClCompile Include="OptionShirous.cpp">
      <Filter>File\Fish\Option\Shirous</Filter>
    </ClCompile>
    <ClCompile Include="OptionShirousShot.cpp">
      <Filter>File\Fish\Option\Shirous</Filter>
    </ClCompile>
    <ClCompile Include="OptionSeahorse.cpp">
      <Filter>File\Fish\Option\Seahorse</Filter>
    </ClCompile>
    <ClCompile Include="OptionSeahorseShot.cpp">
      <Filter>File\Fish\Option\Seahorse</Filter>
    </ClCompile>
    <ClCompile Include="Battle.cpp">
      <Filter>File\myScene\Battle</Filter>
    </ClCompile>
    <ClCompile Include="Menu.cpp">
      <Filter>File\myScene\Menu</Filter>
    </ClCompile>
    <ClCompile Include="myIEffectBubble.cpp">
      <Filter>File\myEffect\Bubble</Filter>
    </ClCompile>
    <ClCompile Include="myIEffectClash.cpp">
      <Filter>File\myEffect\Clash</Filter>
    </ClCompile>
    <ClCompile Include="EnemyShotHallucigenia.cpp">
      <Filter>File\Fish\Enemy\Hallucigenia</Filter>
    </ClCompile>
    <ClCompile Include="EnemyShotKurage.cpp">
      <Filter>File\Fish\Enemy\Kurage</Filter>
    </ClCompile>
    <ClCompile Include="myIEffectAfterimage.cpp">
      <Filter>File\myEffect\Afterimage</Filter>
    </ClCompile>
    <ClCompile Include="myIEffectCirclestar.cpp">
      <Filter>File\myEffect\Circlestar</Filter>
    </ClCompile>
    <ClCompile Include="BattleObject.cpp" />
    <ClCompile Include="EnemyOpabinia.cpp">
      <Filter>File\Fish\Enemy\Opabinia</Filter>
    </ClCompile>
    <ClCompile Include="OptionCupinlaoyui.cpp" />
    <ClCompile Include="OptionCupinlaoyuiShot.cpp" />
    <ClCompile Include="OptionHarisenbong.cpp" />
    <ClCompile Include="OptionHarisenbongShot.cpp" />
    <ClCompile Include="Item.cpp">
      <Filter>File\Item\Particle\Base</Filter>
    </ClCompile>
    <ClCompile Include="ItemLP.cpp">
      <Filter>File\Item\Particle\LP</Filter>
    <ClCompile Include="OptionHarisenbong.cpp">
      <Filter>File\Fish\Option\Harisenbong</Filter>
    </ClCompile>
    <ClCompile Include="OptionHarisenbongShot.cpp">
      <Filter>File\Fish\Option\Harisenbong</Filter>
    </ClCompile>
    <ClCompile Include="OptionAnnkou.cpp">
      <Filter>File\Fish\Option\Annkou</Filter>
    </ClCompile>
    <ClCompile Include="OptionAnnkouShot.cpp">
      <Filter>File\Fish\Option\Annkou</Filter>
    </ClCompile>
    <ClCompile Include="EnemyAnomalocaris.cpp">
      <Filter>File\Fish\Enemy\anomalocaris</Filter>
    </ClCompile>
    <ClCompile Include="EnemyAnomalocaris_hurtle.cpp">
      <Filter>File\Fish\Enemy\anomalocaris\motion</Filter>
    </ClCompile>
    <ClCompile Include="EnemyAnomalocaris_standby.cpp">
      <Filter>File\Fish\Enemy\anomalocaris\motion</Filter>
    </ClCompile>
    <ClCompile Include="EnemyAnomalocaris_shot1.cpp">
      <Filter>File\Fish\Enemy\anomalocaris\motion</Filter>
    </ClCompile>
    <ClCompile Include="EnemyShotAnomalocaris1.cpp">
      <Filter>File\Fish\Enemy\anomalocaris\Shot</Filter>
    <ClCompile Include="EnemyShotOpabinia.cpp">
      <Filter>File\Fish\Enemy\Opabinia</Filter>
    </ClCompile>
  </ItemGroup>
  <ItemGroup>
    <ClInclude Include="AssetTexture.h">
      <Filter>File</Filter>
    </ClInclude>
    <ClInclude Include="stdafx.h">
      <Filter>File</Filter>
    </ClInclude>
    <ClInclude Include="Background.h">
      <Filter>File\Stage</Filter>
    </ClInclude>
    <ClInclude Include="myCamera.h">
      <Filter>File\myCamera</Filter>
    </ClInclude>
    <ClInclude Include="myInput.h">
      <Filter>File\myController</Filter>
    </ClInclude>
    <ClInclude Include="myScene.h">
      <Filter>File\myScene</Filter>
    </ClInclude>
    <ClInclude Include="StageObject.h">
      <Filter>File\Stage</Filter>
    </ClInclude>
    <ClInclude Include="Fish.h">
      <Filter>File\Fish\Base</Filter>
    </ClInclude>
    <ClInclude Include="Shot.h">
      <Filter>File\Fish\Base</Filter>
    </ClInclude>
    <ClInclude Include="Player.h">
      <Filter>File\Fish\Player</Filter>
    </ClInclude>
    <ClInclude Include="Enemy.h">
      <Filter>File\Fish\Enemy\Base</Filter>
    </ClInclude>
    <ClInclude Include="EnemyShot.h">
      <Filter>File\Fish\Enemy\Base</Filter>
    </ClInclude>
    <ClInclude Include="EnemyPikaia.h">
      <Filter>File\Fish\Enemy\Pikaia</Filter>
    </ClInclude>
    <ClInclude Include="EnemyShotPikaia.h">
      <Filter>File\Fish\Enemy\Pikaia</Filter>
    </ClInclude>
    <ClInclude Include="EnemyKurage.h">
      <Filter>File\Fish\Enemy\Kurage</Filter>
    </ClInclude>
    <ClInclude Include="EnemyHallucigenia.h">
      <Filter>File\Fish\Enemy\Hallucigenia</Filter>
    </ClInclude>
    <ClInclude Include="Option.h">
      <Filter>File\Fish\Option\Base</Filter>
    </ClInclude>
    <ClInclude Include="OptionPoseidon.h">
      <Filter>File\Fish\Option\Poseidon</Filter>
    </ClInclude>
    <ClInclude Include="OptionPoseidonShot.h">
      <Filter>File\Fish\Option\Poseidon</Filter>
    </ClInclude>
    <ClInclude Include="OptionPoseidonShot2.h">
      <Filter>File\Fish\Option\Poseidon</Filter>
    </ClInclude>
    <ClInclude Include="OptionShot.h">
      <Filter>File\Fish\Option\Base</Filter>
    </ClInclude>
    <ClInclude Include="OptionShirousShot.h">
      <Filter>File\Fish\Option\Shirous</Filter>
    </ClInclude>
    <ClInclude Include="OptionShirous.h">
      <Filter>File\Fish\Option\Shirous</Filter>
    </ClInclude>
    <ClInclude Include="OptionSeahorse.h">
      <Filter>File\Fish\Option\Seahorse</Filter>
    </ClInclude>
    <ClInclude Include="OptionSeahorseShot.h">
      <Filter>File\Fish\Option\Seahorse</Filter>
    </ClInclude>
    <ClInclude Include="Battle.h">
      <Filter>File\myScene\Battle</Filter>
    </ClInclude>
    <ClInclude Include="Menu.h">
      <Filter>File\myScene\Menu</Filter>
    </ClInclude>
    <ClInclude Include="myIEffect.h">
      <Filter>File\myEffect</Filter>
    </ClInclude>
    <ClInclude Include="myIEffectBubble.h">
      <Filter>File\myEffect\Bubble</Filter>
    </ClInclude>
    <ClInclude Include="myIEffectClash.h">
      <Filter>File\myEffect\Clash</Filter>
    </ClInclude>
    <ClInclude Include="EnemyShotHallucigenia.h">
      <Filter>File\Fish\Enemy\Hallucigenia</Filter>
    </ClInclude>
    <ClInclude Include="EnemyShotKurage.h">
      <Filter>File\Fish\Enemy\Kurage</Filter>
    </ClInclude>
    <ClInclude Include="myIEffectAfterimage.h">
      <Filter>File\myEffect\Afterimage</Filter>
    </ClInclude>
    <ClInclude Include="myIEffectCirclestar.h">
      <Filter>File\myEffect\Circlestar</Filter>
    </ClInclude>
    <ClInclude Include="BattleObject.h" />
    <ClInclude Include="EnemyOpabinia.h">
      <Filter>File\Fish\Enemy\Opabinia</Filter>
    </ClInclude>
    <ClInclude Include="OptionCupinlaoyui.h" />
    <ClInclude Include="OptionCupinlaoyuiShot.h" />
    <ClInclude Include="OptionHarisenbong.h" />
    <ClInclude Include="OptionHarisenbongShot.h" />
    <ClInclude Include="Item.h">
      <Filter>File\Item\Particle\Base</Filter>
    </ClInclude>
    <ClInclude Include="ItemLP.h">
      <Filter>File\Item\Particle\LP</Filter>
    <ClInclude Include="OptionHarisenbongShot.h">
      <Filter>File\Fish\Option\Harisenbong</Filter>
    </ClInclude>
    <ClInclude Include="OptionHarisenbong.h">
      <Filter>File\Fish\Option\Harisenbong</Filter>
    </ClInclude>
    <ClInclude Include="OptionAnnkou.h">
      <Filter>File\Fish\Option\Annkou</Filter>
    </ClInclude>
    <ClInclude Include="OptionAnnkouShot.h">
      <Filter>File\Fish\Option\Annkou</Filter>
    </ClInclude>
    <ClInclude Include="EnemyAnomalocaris.h">
      <Filter>File\Fish\Enemy\anomalocaris</Filter>
    </ClInclude>
    <ClInclude Include="EnemyShotAnomalocaris1.h">
      <Filter>File\Fish\Enemy\anomalocaris\Shot</Filter>
    <ClInclude Include="EnemyShotOpabinia.h">
      <Filter>File\Fish\Enemy\Opabinia</Filter>
    </ClInclude>
  </ItemGroup>
  <ItemGroup>
    <Xml Include="App\example\xml\config.xml">
      <Filter>BlackBox</Filter>
    </Xml>
    <Xml Include="App\example\objdetect\haarcascade\eye.xml">
      <Filter>BlackBox</Filter>
    </Xml>
    <Xml Include="App\example\objdetect\haarcascade\face_anime.xml">
      <Filter>BlackBox</Filter>
    </Xml>
    <Xml Include="App\example\objdetect\haarcascade\frontal_catface.xml">
      <Filter>BlackBox</Filter>
    </Xml>
    <Xml Include="App\example\objdetect\haarcascade\frontal_face_alt2.xml">
      <Filter>BlackBox</Filter>
    </Xml>
    <Xml Include="App\example\xml\test.xml">
      <Filter>BlackBox</Filter>
    </Xml>
  </ItemGroup>
  <ItemGroup>
    <Media Include="App\example\video\river.mp4">
      <Filter>BlackBox</Filter>
    </Media>
    <Media Include="App\example\shot.mp3">
      <Filter>BlackBox</Filter>
    </Media>
    <Media Include="App\example\test.mp3">
      <Filter>BlackBox</Filter>
    </Media>
  </ItemGroup>
  <ItemGroup>
    <Image Include="App\engine\texture\box-shadow\8.png">
      <Filter>BlackBox</Filter>
    </Image>
    <Image Include="App\engine\texture\box-shadow\16.png">
      <Filter>BlackBox</Filter>
    </Image>
    <Image Include="App\engine\texture\box-shadow\32.png">
      <Filter>BlackBox</Filter>
    </Image>
    <Image Include="App\engine\texture\box-shadow\64.png">
      <Filter>BlackBox</Filter>
    </Image>
    <Image Include="App\engine\texture\box-shadow\128.png">
      <Filter>BlackBox</Filter>
    </Image>
    <Image Include="App\engine\texture\box-shadow\256.png">
      <Filter>BlackBox</Filter>
    </Image>
    <Image Include="App\example\obj\bark.jpg">
      <Filter>BlackBox</Filter>
    </Image>
    <Image Include="App\example\bay.jpg">
      <Filter>BlackBox</Filter>
    </Image>
    <Image Include="App\example\texture\earth.jpg">
      <Filter>BlackBox</Filter>
    </Image>
    <Image Include="App\example\texture\grass.jpg">
      <Filter>BlackBox</Filter>
    </Image>
    <Image Include="App\example\texture\ground.jpg">
      <Filter>BlackBox</Filter>
    </Image>
    <Image Include="App\icon.ico">
      <Filter>BlackBox</Filter>
    </Image>
    <Image Include="App\example\obj\leaves.png">
      <Filter>BlackBox</Filter>
    </Image>
    <Image Include="App\example\particle.png">
      <Filter>BlackBox</Filter>
    </Image>
    <Image Include="App\example\obj\pine_leaves_red.png">
      <Filter>BlackBox</Filter>
    </Image>
    <Image Include="App\example\texture\rock.jpg">
      <Filter>BlackBox</Filter>
    </Image>
    <Image Include="App\example\obj\siv3d-kun.png">
      <Filter>BlackBox</Filter>
    </Image>
    <Image Include="App\example\siv3d-kun.png">
      <Filter>BlackBox</Filter>
    </Image>
    <Image Include="App\example\spritesheet\siv3d-kun-16.png">
      <Filter>BlackBox</Filter>
    </Image>
    <Image Include="App\example\obj\siv3d-kun-eye.png">
      <Filter>BlackBox</Filter>
    </Image>
    <Image Include="App\example\gif\test.gif">
      <Filter>BlackBox</Filter>
    </Image>
    <Image Include="App\example\texture\uv.png">
      <Filter>BlackBox</Filter>
    </Image>
    <Image Include="App\example\windmill.png">
      <Filter>BlackBox</Filter>
    </Image>
    <Image Include="App\example\texture\wood.jpg">
      <Filter>BlackBox</Filter>
    </Image>
  </ItemGroup>
  <ItemGroup>
    <Font Include="App\example\font\DotGothic16\DotGothic16-Regular.ttf">
      <Filter>BlackBox</Filter>
    </Font>
    <Font Include="App\example\font\RocknRoll\RocknRollOne-Regular.ttf">
      <Filter>BlackBox</Filter>
    </Font>
  </ItemGroup>
  <ItemGroup>
    <None Include=".editorconfig">
      <Filter>BlackBox</Filter>
    </None>
    <None Include="App\engine\shader\glsl\apply_srgb_curve.frag">
      <Filter>BlackBox</Filter>
    </None>
    <None Include="App\engine\shader\d3d11\apply_srgb_curve.ps">
      <Filter>BlackBox</Filter>
    </None>
    <None Include="App\engine\shader\glsl\bitmapfont.frag">
      <Filter>BlackBox</Filter>
    </None>
    <None Include="App\engine\shader\d3d11\bitmapfont.ps">
      <Filter>BlackBox</Filter>
    </None>
    <None Include="App\example\obj\blacksmith.mtl">
      <Filter>BlackBox</Filter>
    </None>
    <None Include="App\example\obj\blacksmith.obj">
      <Filter>BlackBox</Filter>
    </None>
    <None Include="App\example\script\breakout.as">
      <Filter>BlackBox</Filter>
    </None>
    <None Include="App\example\svg\cat.svg">
      <Filter>BlackBox</Filter>
    </None>
    <None Include="App\example\csv\config.csv">
      <Filter>BlackBox</Filter>
    </None>
    <None Include="App\example\ini\config.ini">
      <Filter>BlackBox</Filter>
    </None>
    <None Include="App\example\json\config.json">
      <Filter>BlackBox</Filter>
    </None>
    <None Include="App\example\toml\config.toml">
      <Filter>BlackBox</Filter>
    </None>
    <None Include="App\engine\shader\glsl\copy.frag">
      <Filter>BlackBox</Filter>
    </None>
    <None Include="App\engine\shader\d3d11\copy.ps">
      <Filter>BlackBox</Filter>
    </None>
    <None Include="App\example\geojson\countries.geojson">
      <Filter>BlackBox</Filter>
    </None>
    <None Include="App\example\obj\crystal1.mtl">
      <Filter>BlackBox</Filter>
    </None>
    <None Include="App\example\obj\crystal1.obj">
      <Filter>BlackBox</Filter>
    </None>
    <None Include="App\example\obj\crystal2.mtl">
      <Filter>BlackBox</Filter>
    </None>
    <None Include="App\example\obj\crystal2.obj">
      <Filter>BlackBox</Filter>
    </None>
    <None Include="App\example\obj\crystal3.mtl">
      <Filter>BlackBox</Filter>
    </None>
    <None Include="App\example\obj\crystal3.obj">
      <Filter>BlackBox</Filter>
    </None>
    <None Include="App\example\shader\hlsl\default2d.hlsl">
      <Filter>BlackBox</Filter>
    </None>
    <None Include="App\example\shader\glsl\default2d.vert">
      <Filter>BlackBox</Filter>
    </None>
    <None Include="App\example\shader\glsl\default2d_shape.frag">
      <Filter>BlackBox</Filter>
    </None>
    <None Include="App\example\shader\glsl\default2d_texture.frag">
      <Filter>BlackBox</Filter>
    </None>
    <None Include="App\example\shader\glsl\default3d_forward.frag">
      <Filter>BlackBox</Filter>
    </None>
    <None Include="App\example\shader\hlsl\default3d_forward.hlsl">
      <Filter>BlackBox</Filter>
    </None>
    <None Include="App\example\shader\glsl\default3d_forward.vert">
      <Filter>BlackBox</Filter>
    </None>
    <None Include="App\example\json\empty.json">
      <Filter>BlackBox</Filter>
    </None>
    <None Include="App\example\shader\glsl\extract_bright_linear.frag">
      <Filter>BlackBox</Filter>
    </None>
    <None Include="App\example\shader\hlsl\extract_bright_linear.hlsl">
      <Filter>BlackBox</Filter>
    </None>
    <None Include="App\engine\font\fontawesome\fontawesome-brands.otf.zstdcmp">
      <Filter>BlackBox</Filter>
    </None>
    <None Include="App\engine\font\fontawesome\fontawesome-solid.otf.zstdcmp">
      <Filter>BlackBox</Filter>
    </None>
    <None Include="App\example\shader\glsl\forward_fog.frag">
      <Filter>BlackBox</Filter>
    </None>
    <None Include="App\example\shader\hlsl\forward_fog.hlsl">
      <Filter>BlackBox</Filter>
    </None>
    <None Include="App\example\shader\glsl\forward_triplanar.frag">
      <Filter>BlackBox</Filter>
    </None>
    <None Include="App\example\shader\hlsl\forward_triplanar.hlsl">
      <Filter>BlackBox</Filter>
    </None>
    <None Include="App\engine\shader\glsl\forward3d.frag">
      <Filter>BlackBox</Filter>
    </None>
    <None Include="App\engine\shader\d3d11\forward3d.ps">
      <Filter>BlackBox</Filter>
    </None>
    <None Include="App\engine\shader\glsl\forward3d.vert">
      <Filter>BlackBox</Filter>
    </None>
    <None Include="App\engine\shader\d3d11\forward3d.vs">
      <Filter>BlackBox</Filter>
    </None>
    <None Include="App\engine\shader\glsl\fullscreen_triangle.frag">
      <Filter>BlackBox</Filter>
    </None>
    <None Include="App\engine\shader\d3d11\fullscreen_triangle.ps">
      <Filter>BlackBox</Filter>
    </None>
    <None Include="App\engine\shader\glsl\fullscreen_triangle.vert">
      <Filter>BlackBox</Filter>
    </None>
    <None Include="App\engine\shader\d3d11\fullscreen_triangle.vs">
      <Filter>BlackBox</Filter>
    </None>
    <None Include="App\example\shader\glsl\game_of_life.frag">
      <Filter>BlackBox</Filter>
    </None>
    <None Include="App\example\shader\hlsl\game_of_life.hlsl">
      <Filter>BlackBox</Filter>
    </None>
    <None Include="App\engine\shader\glsl\gaussian_blur_9.frag">
      <Filter>BlackBox</Filter>
    </None>
    <None Include="App\engine\shader\d3d11\gaussian_blur_9.ps">
      <Filter>BlackBox</Filter>
    </None>
    <None Include="App\engine\soundfont\GMGSx.sf2.zstdcmp">
      <Filter>BlackBox</Filter>
    </None>
    <None Include="App\example\shader\glsl\grayscale.frag">
      <Filter>BlackBox</Filter>
    </None>
    <None Include="App\example\shader\hlsl\grayscale.hlsl">
      <Filter>BlackBox</Filter>
    </None>
    <None Include="App\example\script\hello.as">
      <Filter>BlackBox</Filter>
    </None>
    <None Include="App\example\shader\glsl\homography.frag">
      <Filter>BlackBox</Filter>
    </None>
    <None Include="App\example\shader\hlsl\homography.hlsl">
      <Filter>BlackBox</Filter>
    </None>
    <None Include="App\example\shader\glsl\homography.vert">
      <Filter>BlackBox</Filter>
    </None>
    <None Include="App\example\json\invalid-blank.json">
      <Filter>BlackBox</Filter>
    </None>
    <None Include="App\example\json\invalid-syntax.json">
      <Filter>BlackBox</Filter>
    </None>
    <None Include="App\engine\font\min\LICENSE">
      <Filter>BlackBox</Filter>
    </None>
    <None Include="App\engine\font\noto-cjk\LICENSE">
      <Filter>BlackBox</Filter>
    </None>
    <None Include="App\engine\font\noto-emoji\LICENSE">
      <Filter>BlackBox</Filter>
    </None>
    <None Include="App\engine\font\materialdesignicons\license.md">
      <Filter>BlackBox</Filter>
    </None>
    <None Include="App\engine\font\mplus\LICENSE_E">
      <Filter>BlackBox</Filter>
    </None>
    <None Include="App\engine\shader\glsl\line3d.frag">
      <Filter>BlackBox</Filter>
    </None>
    <None Include="App\engine\shader\d3d11\line3d.ps">
      <Filter>BlackBox</Filter>
    </None>
    <None Include="App\engine\shader\glsl\line3d.vert">
      <Filter>BlackBox</Filter>
    </None>
    <None Include="App\engine\shader\d3d11\line3d.vs">
      <Filter>BlackBox</Filter>
    </None>
    <None Include="App\engine\font\materialdesignicons\materialdesignicons-webfont.ttf.zstdcmp">
      <Filter>BlackBox</Filter>
    </None>
    <None Include="App\example\obj\mill.mtl">
      <Filter>BlackBox</Filter>
    </None>
    <None Include="App\example\obj\mill.obj">
      <Filter>BlackBox</Filter>
    </None>
    <None Include="App\engine\font\mplus\mplus-1p-black.ttf.zstdcmp">
      <Filter>BlackBox</Filter>
    </None>
    <None Include="App\engine\font\mplus\mplus-1p-bold.ttf.zstdcmp">
      <Filter>BlackBox</Filter>
    </None>
    <None Include="App\engine\font\mplus\mplus-1p-heavy.ttf.zstdcmp">
      <Filter>BlackBox</Filter>
    </None>
    <None Include="App\engine\font\mplus\mplus-1p-light.ttf.zstdcmp">
      <Filter>BlackBox</Filter>
    </None>
    <None Include="App\engine\font\mplus\mplus-1p-medium.ttf.zstdcmp">
      <Filter>BlackBox</Filter>
    </None>
    <None Include="App\engine\font\mplus\mplus-1p-regular.ttf.zstdcmp">
      <Filter>BlackBox</Filter>
    </None>
    <None Include="App\engine\font\mplus\mplus-1p-thin.ttf.zstdcmp">
      <Filter>BlackBox</Filter>
    </None>
    <None Include="App\engine\shader\glsl\msdffont.frag">
      <Filter>BlackBox</Filter>
    </None>
    <None Include="App\engine\shader\d3d11\msdffont.ps">
      <Filter>BlackBox</Filter>
    </None>
    <None Include="App\engine\shader\glsl\msdffont_outline.frag">
      <Filter>BlackBox</Filter>
    </None>
    <None Include="App\engine\shader\d3d11\msdffont_outline.ps">
      <Filter>BlackBox</Filter>
    </None>
    <None Include="App\engine\shader\glsl\msdffont_outlineshadow.frag">
      <Filter>BlackBox</Filter>
    </None>
    <None Include="App\engine\shader\d3d11\msdffont_outlineshadow.ps">
      <Filter>BlackBox</Filter>
    </None>
    <None Include="App\engine\shader\glsl\msdffont_shadow.frag">
      <Filter>BlackBox</Filter>
    </None>
    <None Include="App\engine\shader\d3d11\msdffont_shadow.ps">
      <Filter>BlackBox</Filter>
    </None>
    <None Include="App\engine\shader\glsl\msdfprint.frag">
      <Filter>BlackBox</Filter>
    </None>
    <None Include="App\engine\shader\d3d11\msdfprint.ps">
      <Filter>BlackBox</Filter>
    </None>
    <None Include="App\example\shader\glsl\multi_texture_blend.frag">
      <Filter>BlackBox</Filter>
    </None>
    <None Include="App\example\shader\hlsl\multi_texture_blend.hlsl">
      <Filter>BlackBox</Filter>
    </None>
    <None Include="App\example\shader\glsl\multi_texture_mask.frag">
      <Filter>BlackBox</Filter>
    </None>
    <None Include="App\example\shader\hlsl\multi_texture_mask.hlsl">
      <Filter>BlackBox</Filter>
    </None>
    <None Include="App\engine\font\noto-emoji\NotoColorEmoji.ttf.zstdcmp">
      <Filter>BlackBox</Filter>
    </None>
    <None Include="App\engine\font\noto-emoji\NotoEmoji-Regular.ttf.zstdcmp">
      <Filter>BlackBox</Filter>
    </None>
    <None Include="App\engine\font\noto-cjk\NotoSansCJK-Regular.ttc.zstdcmp">
      <Filter>BlackBox</Filter>
    </None>
    <None Include="App\engine\font\noto-cjk\NotoSansJP-Regular.otf.zstdcmp">
      <Filter>BlackBox</Filter>
    </None>
    <None Include="App\example\script\paint.as">
      <Filter>BlackBox</Filter>
    </None>
    <None Include="App\example\script\piano.as">
      <Filter>BlackBox</Filter>
    </None>
    <None Include="App\example\obj\pine.mtl">
      <Filter>BlackBox</Filter>
    </None>
    <None Include="App\example\obj\pine.obj">
      <Filter>BlackBox</Filter>
    </None>
    <None Include="App\example\shader\glsl\poisson_disk.frag">
      <Filter>BlackBox</Filter>
    </None>
    <None Include="App\example\shader\hlsl\poisson_disk.hlsl">
      <Filter>BlackBox</Filter>
    </None>
    <None Include="App\example\shader\glsl\posterize.frag">
      <Filter>BlackBox</Filter>
    </None>
    <None Include="App\example\shader\hlsl\posterize.hlsl">
      <Filter>BlackBox</Filter>
    </None>
    <None Include="App\example\font\RocknRoll\README.md">
      <Filter>BlackBox</Filter>
    </None>
    <None Include="App\example\font\DotGothic16\README.md">
      <Filter>BlackBox</Filter>
    </None>
    <None Include="App\example\font\DotGothic16\README-JP.md">
      <Filter>BlackBox</Filter>
    </None>
    <None Include="App\example\font\RocknRoll\README-JP.md">
      <Filter>BlackBox</Filter>
    </None>
    <None Include="App\example\shader\glsl\rgb_shift.frag">
      <Filter>BlackBox</Filter>
    </None>
    <None Include="App\example\shader\hlsl\rgb_shift.hlsl">
      <Filter>BlackBox</Filter>
    </None>
    <None Include="App\example\shader\glsl\rgb_to_bgr.frag">
      <Filter>BlackBox</Filter>
    </None>
    <None Include="App\example\shader\hlsl\rgb_to_bgr.hlsl">
      <Filter>BlackBox</Filter>
    </None>
    <None Include="App\engine\shader\glsl\round_dot.frag">
      <Filter>BlackBox</Filter>
    </None>
    <None Include="App\engine\shader\d3d11\round_dot.ps">
      <Filter>BlackBox</Filter>
    </None>
    <None Include="App\engine\shader\glsl\sdffont.frag">
      <Filter>BlackBox</Filter>
    </None>
    <None Include="App\engine\shader\d3d11\sdffont.ps">
      <Filter>BlackBox</Filter>
    </None>
    <None Include="App\engine\shader\glsl\sdffont_outline.frag">
      <Filter>BlackBox</Filter>
    </None>
    <None Include="App\engine\shader\d3d11\sdffont_outline.ps">
      <Filter>BlackBox</Filter>
    </None>
    <None Include="App\engine\shader\glsl\sdffont_outlineshadow.frag">
      <Filter>BlackBox</Filter>
    </None>
    <None Include="App\engine\shader\d3d11\sdffont_outlineshadow.ps">
      <Filter>BlackBox</Filter>
    </None>
    <None Include="App\engine\shader\glsl\sdffont_shadow.frag">
      <Filter>BlackBox</Filter>
    </None>
    <None Include="App\engine\shader\d3d11\sdffont_shadow.ps">
      <Filter>BlackBox</Filter>
    </None>
    <None Include="App\engine\shader\glsl\shape.frag">
      <Filter>BlackBox</Filter>
    </None>
    <None Include="App\engine\shader\d3d11\shape.ps">
      <Filter>BlackBox</Filter>
    </None>
    <None Include="App\example\obj\siv3d-kun.mtl">
      <Filter>BlackBox</Filter>
    </None>
    <None Include="App\example\obj\siv3d-kun.obj">
      <Filter>BlackBox</Filter>
    </None>
    <None Include="App\engine\font\min\siv3d-min.woff">
      <Filter>BlackBox</Filter>
    </None>
    <None Include="App\engine\shader\glsl\sky.frag">
      <Filter>BlackBox</Filter>
    </None>
    <None Include="App\engine\shader\d3d11\sky.ps">
      <Filter>BlackBox</Filter>
    </None>
    <None Include="App\example\shader\hlsl\soft_shape.hlsl">
      <Filter>BlackBox</Filter>
    </None>
    <None Include="App\example\shader\glsl\soft_shape.vert">
      <Filter>BlackBox</Filter>
    </None>
    <None Include="App\dll\soundtouch\SoundTouch_x64.dll">
      <Filter>BlackBox</Filter>
    </None>
    <None Include="App\engine\shader\glsl\sprite.vert">
      <Filter>BlackBox</Filter>
    </None>
    <None Include="App\engine\shader\d3d11\sprite.vs">
      <Filter>BlackBox</Filter>
    </None>
    <None Include="App\engine\shader\glsl\square_dot.frag">
      <Filter>BlackBox</Filter>
    </None>
    <None Include="App\engine\shader\d3d11\square_dot.ps">
      <Filter>BlackBox</Filter>
    </None>
    <None Include="App\example\shader\glsl\swirl.frag">
      <Filter>BlackBox</Filter>
    </None>
    <None Include="App\example\shader\hlsl\swirl.hlsl">
      <Filter>BlackBox</Filter>
    </None>
    <None Include="App\example\shader\glsl\terrain_forward.frag">
      <Filter>BlackBox</Filter>
    </None>
    <None Include="App\example\shader\hlsl\terrain_forward.hlsl">
      <Filter>BlackBox</Filter>
    </None>
    <None Include="App\example\shader\glsl\terrain_forward.vert">
      <Filter>BlackBox</Filter>
    </None>
    <None Include="App\example\shader\glsl\terrain_normal.frag">
      <Filter>BlackBox</Filter>
    </None>
    <None Include="App\example\shader\hlsl\terrain_normal.hlsl">
      <Filter>BlackBox</Filter>
    </None>
    <None Include="App\example\script\test.as">
      <Filter>BlackBox</Filter>
    </None>
    <None Include="App\example\json\test.json">
      <Filter>BlackBox</Filter>
    </None>
    <None Include="App\example\midi\test.mid">
      <Filter>BlackBox</Filter>
    </None>
    <None Include="App\example\toml\test.toml">
      <Filter>BlackBox</Filter>
    </None>
    <None Include="App\engine\shader\glsl\texture.frag">
      <Filter>BlackBox</Filter>
    </None>
    <None Include="App\engine\shader\d3d11\texture.ps">
      <Filter>BlackBox</Filter>
    </None>
    <None Include="App\example\obj\tree.mtl">
      <Filter>BlackBox</Filter>
    </None>
    <None Include="App\example\obj\tree.obj">
      <Filter>BlackBox</Filter>
    </None>
    <None Include="App\example\svg\turtle.svg">
      <Filter>BlackBox</Filter>
    </None>
    <None Include="App\example\zip\zip_test.zip">
      <Filter>BlackBox</Filter>
    </None>
  </ItemGroup>
  <ItemGroup>
    <Text Include="App\dll\soundtouch\COPYING.TXT">
      <Filter>BlackBox</Filter>
    </Text>
    <Text Include="App\example\texture\credit.txt">
      <Filter>BlackBox</Filter>
    </Text>
    <Text Include="App\example\obj\credit.txt">
      <Filter>BlackBox</Filter>
    </Text>
    <Text Include="App\example\txt\en.txt">
      <Filter>BlackBox</Filter>
    </Text>
    <Text Include="App\engine\soundfont\GMGSx.sf2.txt">
      <Filter>BlackBox</Filter>
    </Text>
    <Text Include="App\example\txt\jp.txt">
      <Filter>BlackBox</Filter>
    </Text>
    <Text Include="App\example\txt\kr.txt">
      <Filter>BlackBox</Filter>
    </Text>
    <Text Include="App\example\LICENSE.txt">
      <Filter>BlackBox</Filter>
    </Text>
    <Text Include="App\engine\font\fontawesome\LICENSE.txt">
      <Filter>BlackBox</Filter>
    </Text>
    <Text Include="App\example\font\RocknRoll\OFL.txt">
      <Filter>BlackBox</Filter>
    </Text>
    <Text Include="App\example\font\DotGothic16\OFL.txt">
      <Filter>BlackBox</Filter>
    </Text>
    <Text Include="App\example\svg\README.txt">
      <Filter>BlackBox</Filter>
    </Text>
    <Text Include="App\example\video\river.txt">
      <Filter>BlackBox</Filter>
    </Text>
    <Text Include="App\example\txt\sc.txt">
      <Filter>BlackBox</Filter>
    </Text>
    <Text Include="App\example\spritesheet\siv3d-kun-16.txt">
      <Filter>BlackBox</Filter>
    </Text>
    <Text Include="App\example\midi\test.txt">
      <Filter>BlackBox</Filter>
    </Text>
  </ItemGroup>
  <ItemGroup>
    <Filter Include="BlackBox">
      <UniqueIdentifier>{5f2a7cee-ca41-44a7-902b-92ee13417ebf}</UniqueIdentifier>
    </Filter>
    <Filter Include="File">
      <UniqueIdentifier>{4cee17de-179f-4c4d-9112-9c52ae804c38}</UniqueIdentifier>
    </Filter>
    <Filter Include="File\Fish">
      <UniqueIdentifier>{6895e031-ae73-49de-8268-f23e55e6f30c}</UniqueIdentifier>
    </Filter>
    <Filter Include="File\myCamera">
      <UniqueIdentifier>{b957a052-9463-42c7-a960-72ba7029eedf}</UniqueIdentifier>
    </Filter>
    <Filter Include="File\myController">
      <UniqueIdentifier>{91d92985-d0aa-41e6-b233-efa142c3e598}</UniqueIdentifier>
    </Filter>
    <Filter Include="File\myScene">
      <UniqueIdentifier>{c7e55f1f-2d28-419f-95fc-fe95916ee67b}</UniqueIdentifier>
    </Filter>
    <Filter Include="File\Stage">
      <UniqueIdentifier>{7c54405d-8bcd-4d5b-aa79-800019426b62}</UniqueIdentifier>
    </Filter>
    <Filter Include="File\Fish\Base">
      <UniqueIdentifier>{e044ed1d-f134-4bb5-babc-be7891a4288b}</UniqueIdentifier>
    </Filter>
    <Filter Include="File\Fish\Enemy">
      <UniqueIdentifier>{cd101600-711e-4700-a097-c41bf8555f5a}</UniqueIdentifier>
    </Filter>
    <Filter Include="File\Fish\Option">
      <UniqueIdentifier>{e6be91c0-e609-4544-8a88-b1df304c2983}</UniqueIdentifier>
    </Filter>
    <Filter Include="File\Fish\Player">
      <UniqueIdentifier>{e28f8299-652c-47db-b1c3-e52ed9b4955b}</UniqueIdentifier>
    </Filter>
    <Filter Include="File\Fish\Enemy\Base">
      <UniqueIdentifier>{34185b12-b0b4-4d09-b569-21687725b591}</UniqueIdentifier>
    </Filter>
    <Filter Include="File\Fish\Enemy\Pikaia">
      <UniqueIdentifier>{09a3ebae-08d3-4dd2-ac93-c49f4c73aaf7}</UniqueIdentifier>
    </Filter>
    <Filter Include="File\Fish\Enemy\Kurage">
      <UniqueIdentifier>{0f43e4ba-a6ff-4263-8659-91a22cea528e}</UniqueIdentifier>
    </Filter>
    <Filter Include="File\Fish\Enemy\Hallucigenia">
      <UniqueIdentifier>{211292d8-9735-4217-8247-8133b3ffd5c7}</UniqueIdentifier>
    </Filter>
    <Filter Include="File\Fish\Option\Base">
      <UniqueIdentifier>{abb84e3f-f3ce-4443-ae7d-d45a30529463}</UniqueIdentifier>
    </Filter>
    <Filter Include="File\Fish\Option\Poseidon">
      <UniqueIdentifier>{dbebb976-ed03-41c4-9554-2a89ecdef025}</UniqueIdentifier>
    </Filter>
    <Filter Include="File\Fish\Option\Shirous">
      <UniqueIdentifier>{d3b83493-fc1a-4be6-82e5-c1b96e04cdb9}</UniqueIdentifier>
    </Filter>
    <Filter Include="File\Fish\Option\Seahorse">
      <UniqueIdentifier>{205b32e1-2f6a-4123-9d66-422a98585504}</UniqueIdentifier>
    </Filter>
    <Filter Include="File\myScene\Battle">
      <UniqueIdentifier>{9a12b3c5-677f-47af-8d6b-56292c84b068}</UniqueIdentifier>
    </Filter>
    <Filter Include="File\myScene\Menu">
      <UniqueIdentifier>{345be831-109e-4ab0-8d15-f02e198cbe96}</UniqueIdentifier>
    </Filter>
    <Filter Include="File\myEffect">
      <UniqueIdentifier>{5e080493-87d0-4a8c-badf-1b705b5e3294}</UniqueIdentifier>
    </Filter>
    <Filter Include="File\myEffect\Bubble">
      <UniqueIdentifier>{62f3b16f-2fa2-4ebb-80dd-a838cc8d0027}</UniqueIdentifier>
    </Filter>
    <Filter Include="File\myEffect\Clash">
      <UniqueIdentifier>{01fdcc7c-695d-4fa5-a3e2-f3d237c30bbb}</UniqueIdentifier>
    </Filter>
    <Filter Include="File\myEffect\Afterimage">
      <UniqueIdentifier>{c46679cb-5891-4ede-a39f-486b5b108dd7}</UniqueIdentifier>
    </Filter>
    <Filter Include="File\myEffect\Circlestar">
      <UniqueIdentifier>{f2631cf4-8289-404d-ab73-6957f37e23f4}</UniqueIdentifier>
    </Filter>
    <Filter Include="File\Fish\Enemy\Opabinia">
      <UniqueIdentifier>{645b9e69-341d-4411-86d3-be2d0056ea12}</UniqueIdentifier>
    </Filter>
    <Filter Include="File\Item">
      <UniqueIdentifier>{140859dc-af64-4c8e-8e0f-9ebb1fdbd459}</UniqueIdentifier>
    </Filter>
    <Filter Include="File\Item\Particle">
      <UniqueIdentifier>{25d6279b-9206-463a-98b7-c87a573583a2}</UniqueIdentifier>
    </Filter>
    <Filter Include="File\Item\Particle\LP">
      <UniqueIdentifier>{23bb57c5-2843-47be-a21b-518460055fb3}</UniqueIdentifier>
    </Filter>
    <Filter Include="File\Item\Particle\Base">
      <UniqueIdentifier>{938e2528-ca7c-4d5c-a66f-f9b4c8f1580e}</UniqueIdentifier>
    <Filter Include="File\Fish\Option\Harisenbong">
      <UniqueIdentifier>{c4b26eeb-316f-4213-ab10-3f3b451dbc02}</UniqueIdentifier>
    </Filter>
    <Filter Include="File\Fish\Option\Annkou">
      <UniqueIdentifier>{f1420af1-6b3e-4953-bc37-643544e3d583}</UniqueIdentifier>
    </Filter>
    <Filter Include="File\Fish\Enemy\anomalocaris">
      <UniqueIdentifier>{9e0ad3de-524c-400c-85e2-d6fd6b839788}</UniqueIdentifier>
    </Filter>
    <Filter Include="File\Fish\Enemy\anomalocaris\Shot">
      <UniqueIdentifier>{dfe1bd54-7e39-4bd2-a7c6-5c8b950c5d95}</UniqueIdentifier>
    </Filter>
    <Filter Include="File\Fish\Enemy\anomalocaris\motion">
      <UniqueIdentifier>{2fb31cad-6c31-42b2-adba-a088f3eb3160}</UniqueIdentifier>
    </Filter>
  </ItemGroup>
  <ItemGroup>
    <ResourceCompile Include="App\Resource.rc">
      <Filter>File</Filter>
    </ResourceCompile>
  </ItemGroup>
</Project>